Microsoft Visual Studio Solution File, Format Version 11.00
# Visual Studio 2008

Project("{BC433DC1-9F11-AB9F-C51A-34C6222FA593}") = "FireStormV0.1", "Assembly-CSharp.csproj", "{3A94242D-FB18-D78B-3890-07AEFEC62D22}"
EndProject
Global
	GlobalSection(SolutionConfigurationPlatforms) = preSolution
		Debug|Any CPU = Debug|Any CPU
		Release|Any CPU = Release|Any CPU
	EndGlobalSection
	GlobalSection(ProjectConfigurationPlatforms) = postSolution
		{3A94242D-FB18-D78B-3890-07AEFEC62D22}.Debug|Any CPU.ActiveCfg = Debug|Any CPU
		{3A94242D-FB18-D78B-3890-07AEFEC62D22}.Debug|Any CPU.Build.0 = Debug|Any CPU
		{3A94242D-FB18-D78B-3890-07AEFEC62D22}.Release|Any CPU.ActiveCfg = Release|Any CPU
		{3A94242D-FB18-D78B-3890-07AEFEC62D22}.Release|Any CPU.Build.0 = Release|Any CPU
	EndGlobalSection
	GlobalSection(SolutionProperties) = preSolution
		HideSolutionNode = FALSE
	EndGlobalSection
	GlobalSection(MonoDevelopProperties) = preSolution
		StartupItem = Assembly-CSharp.csproj
	EndGlobalSection
EndGlobal
